// !$*UTF8*$!
{
	archiveVersion = 1;
	classes = {
	};
	objectVersion = 77;
	objects = {

/* Begin PBXContainerItemProxy section */
		7BA759722DFBDEB100EBF01C /* PBXContainerItemProxy */ = {
			isa = PBXContainerItemProxy;
			containerPortal = 7BA7591E2DFB1D4200EBF01C /* Project object */;
			proxyType = 1;
			remoteGlobalIDString = 7BA759252DFB1D4200EBF01C;
			remoteInfo = VNPAY_HuyLeDuc_CodeChallenge_iOS;
		};
/* End PBXContainerItemProxy section */

/* Begin PBXFileReference section */
		7BA759262DFB1D4200EBF01C /* VNPAY_HuyLeDuc_CodeChallenge_iOS.app */ = {isa = PBXFileReference; explicitFileType = wrapper.application; includeInIndex = 0; path = VNPAY_HuyLeDuc_CodeChallenge_iOS.app; sourceTree = BUILT_PRODUCTS_DIR; };
		7BA7596E2DFBDEB100EBF01C /* VNPAY_HuyLeDuc_CodeChallenge_iOS_Tests.xctest */ = {isa = PBXFileReference; explicitFileType = wrapper.cfbundle; includeInIndex = 0; path = VNPAY_HuyLeDuc_CodeChallenge_iOS_Tests.xctest; sourceTree = BUILT_PRODUCTS_DIR; };
/* End PBXFileReference section */

/* Begin PBXFileSystemSynchronizedBuildFileExceptionSet section */
		7BA759382DFB1D4500EBF01C /* Exceptions for "VNPAY_HuyLeDuc_CodeChallenge_iOS" folder in "VNPAY_HuyLeDuc_CodeChallenge_iOS" target */ = {
			isa = PBXFileSystemSynchronizedBuildFileExceptionSet;
			membershipExceptions = (
				Info.plist,
			);
			target = 7BA759252DFB1D4200EBF01C /* VNPAY_HuyLeDuc_CodeChallenge_iOS */;
		};
/* End PBXFileSystemSynchronizedBuildFileExceptionSet section */

/* Begin PBXFileSystemSynchronizedRootGroup section */
		7BA759282DFB1D4200EBF01C /* VNPAY_HuyLeDuc_CodeChallenge_iOS */ = {
			isa = PBXFileSystemSynchronizedRootGroup;
			exceptions = (
				7BA759382DFB1D4500EBF01C /* Exceptions for "VNPAY_HuyLeDuc_CodeChallenge_iOS" folder in "VNPAY_HuyLeDuc_CodeChallenge_iOS" target */,
			);
			path = VNPAY_HuyLeDuc_CodeChallenge_iOS;
			sourceTree = "<group>";
		};
		7BA7596F2DFBDEB100EBF01C /* VNPAY_HuyLeDuc_CodeChallenge_iOS_Tests */ = {
			isa = PBXFileSystemSynchronizedRootGroup;
			path = VNPAY_HuyLeDuc_CodeChallenge_iOS_Tests;
			sourceTree = "<group>";
		};
/* End PBXFileSystemSynchronizedRootGroup section */

/* Begin PBXFrameworksBuildPhase section */
		7BA759232DFB1D4200EBF01C /* Frameworks */ = {
			isa = PBXFrameworksBuildPhase;
			buildActionMask = 2147483647;
			files = (
			);
			runOnlyForDeploymentPostprocessing = 0;
		};
		7BA7596B2DFBDEB100EBF01C /* Frameworks */ = {
			isa = PBXFrameworksBuildPhase;
			buildActionMask = 2147483647;
			files = (
			);
			runOnlyForDeploymentPostprocessing = 0;
		};
/* End PBXFrameworksBuildPhase section */

/* Begin PBXGroup section */
		7BA7591D2DFB1D4200EBF01C = {
			isa = PBXGroup;
			children = (
				7BA759282DFB1D4200EBF01C /* VNPAY_HuyLeDuc_CodeChallenge_iOS */,
				7BA7596F2DFBDEB100EBF01C /* VNPAY_HuyLeDuc_CodeChallenge_iOS_Tests */,
				7BA759272DFB1D4200EBF01C /* Products */,
			);
			sourceTree = "<group>";
		};
		7BA759272DFB1D4200EBF01C /* Products */ = {
			isa = PBXGroup;
			children = (
				7BA759262DFB1D4200EBF01C /* VNPAY_HuyLeDuc_CodeChallenge_iOS.app */,
				7BA7596E2DFBDEB100EBF01C /* VNPAY_HuyLeDuc_CodeChallenge_iOS_Tests.xctest */,
			);
			name = Products;
			sourceTree = "<group>";
		};
/* End PBXGroup section */

/* Begin PBXNativeTarget section */
		7BA759252DFB1D4200EBF01C /* VNPAY_HuyLeDuc_CodeChallenge_iOS */ = {
			isa = PBXNativeTarget;
			buildConfigurationList = 7BA759392DFB1D4500EBF01C /* Build configuration list for PBXNativeTarget "VNPAY_HuyLeDuc_CodeChallenge_iOS" */;
			buildPhases = (
				7BA759222DFB1D4200EBF01C /* Sources */,
				7BA759232DFB1D4200EBF01C /* Frameworks */,
				7BA759242DFB1D4200EBF01C /* Resources */,
			);
			buildRules = (
			);
			dependencies = (
			);
			fileSystemSynchronizedGroups = (
				7BA759282DFB1D4200EBF01C /* VNPAY_HuyLeDuc_CodeChallenge_iOS */,
			);
			name = VNPAY_HuyLeDuc_CodeChallenge_iOS;
			packageProductDependencies = (
			);
			productName = VNPAY_HuyLeDuc_CodeChallenge_iOS;
			productReference = 7BA759262DFB1D4200EBF01C /* VNPAY_HuyLeDuc_CodeChallenge_iOS.app */;
			productType = "com.apple.product-type.application";
		};
		7BA7596D2DFBDEB100EBF01C /* VNPAY_HuyLeDuc_CodeChallenge_iOS_Tests */ = {
			isa = PBXNativeTarget;
			buildConfigurationList = 7BA759742DFBDEB100EBF01C /* Build configuration list for PBXNativeTarget "VNPAY_HuyLeDuc_CodeChallenge_iOS_Tests" */;
			buildPhases = (
				7BA7596A2DFBDEB100EBF01C /* Sources */,
				7BA7596B2DFBDEB100EBF01C /* Frameworks */,
				7BA7596C2DFBDEB100EBF01C /* Resources */,
			);
			buildRules = (
			);
			dependencies = (
				7BA759732DFBDEB100EBF01C /* PBXTargetDependency */,
			);
			fileSystemSynchronizedGroups = (
				7BA7596F2DFBDEB100EBF01C /* VNPAY_HuyLeDuc_CodeChallenge_iOS_Tests */,
			);
			name = VNPAY_HuyLeDuc_CodeChallenge_iOS_Tests;
			packageProductDependencies = (
			);
			productName = VNPAY_HuyLeDuc_CodeChallenge_iOS_Tests;
			productReference = 7BA7596E2DFBDEB100EBF01C /* VNPAY_HuyLeDuc_CodeChallenge_iOS_Tests.xctest */;
			productType = "com.apple.product-type.bundle.unit-test";
		};
/* End PBXNativeTarget section */

/* Begin PBXProject section */
		7BA7591E2DFB1D4200EBF01C /* Project object */ = {
			isa = PBXProject;
			attributes = {
				BuildIndependentTargetsInParallel = 1;
				LastSwiftUpdateCheck = 1640;
				LastUpgradeCheck = 1640;
				TargetAttributes = {
					7BA759252DFB1D4200EBF01C = {
						CreatedOnToolsVersion = 16.4;
					};
					7BA7596D2DFBDEB100EBF01C = {
						CreatedOnToolsVersion = 16.4;
						TestTargetID = 7BA759252DFB1D4200EBF01C;
					};
				};
			};
			buildConfigurationList = 7BA759212DFB1D4200EBF01C /* Build configuration list for PBXProject "VNPAY_HuyLeDuc_CodeChallenge_iOS" */;
			developmentRegion = en;
			hasScannedForEncodings = 0;
			knownRegions = (
				en,
				Base,
			);
			mainGroup = 7BA7591D2DFB1D4200EBF01C;
			minimizedProjectReferenceProxies = 1;
			preferredProjectObjectVersion = 77;
			productRefGroup = 7BA759272DFB1D4200EBF01C /* Products */;
			projectDirPath = "";
			projectRoot = "";
			targets = (
				7BA759252DFB1D4200EBF01C /* VNPAY_HuyLeDuc_CodeChallenge_iOS */,
				7BA7596D2DFBDEB100EBF01C /* VNPAY_HuyLeDuc_CodeChallenge_iOS_Tests */,
			);
		};
/* End PBXProject section */

/* Begin PBXResourcesBuildPhase section */
		7BA759242DFB1D4200EBF01C /* Resources */ = {
			isa = PBXResourcesBuildPhase;
			buildActionMask = 2147483647;
			files = (
			);
			runOnlyForDeploymentPostprocessing = 0;
		};
		7BA7596C2DFBDEB100EBF01C /* Resources */ = {
			isa = PBXResourcesBuildPhase;
			buildActionMask = 2147483647;
			files = (
			);
			runOnlyForDeploymentPostprocessing = 0;
		};
/* End PBXResourcesBuildPhase section */

/* Begin PBXSourcesBuildPhase section */
		7BA759222DFB1D4200EBF01C /* Sources */ = {
			isa = PBXSourcesBuildPhase;
			buildActionMask = 2147483647;
			files = (
			);
			runOnlyForDeploymentPostprocessing = 0;
		};
		7BA7596A2DFBDEB100EBF01C /* Sources */ = {
			isa = PBXSourcesBuildPhase;
			buildActionMask = 2147483647;
			files = (
			);
			runOnlyForDeploymentPostprocessing = 0;
		};
/* End PBXSourcesBuildPhase section */

/* Begin PBXTargetDependency section */
		7BA759732DFBDEB100EBF01C /* PBXTargetDependency */ = {
			isa = PBXTargetDependency;
			target = 7BA759252DFB1D4200EBF01C /* VNPAY_HuyLeDuc_CodeChallenge_iOS */;
			targetProxy = 7BA759722DFBDEB100EBF01C /* PBXContainerItemProxy */;
		};
/* End PBXTargetDependency section */

/* Begin XCBuildConfiguration section */
		7BA7593A2DFB1D4500EBF01C /* Debug */ = {
			isa = XCBuildConfiguration;
			buildSettings = {
				ASSETCATALOG_COMPILER_APPICON_NAME = AppIcon;
				ASSETCATALOG_COMPILER_GLOBAL_ACCENT_COLOR_NAME = AccentColor;
				CODE_SIGN_STYLE = Automatic;
				CURRENT_PROJECT_VERSION = 1;
				DEVELOPMENT_TEAM = AQWZ47MFAV;
				GENERATE_INFOPLIST_FILE = YES;
				INFOPLIST_FILE = VNPAY_HuyLeDuc_CodeChallenge_iOS/Info.plist;
				INFOPLIST_KEY_CFBundleDisplayName = "Photo List";
				INFOPLIST_KEY_UIApplicationSupportsIndirectInputEvents = YES;
				INFOPLIST_KEY_UILaunchStoryboardName = LaunchScreen;
				INFOPLIST_KEY_UIMainStoryboardFile = Main;
				INFOPLIST_KEY_UISupportedInterfaceOrientations_iPad = "UIInterfaceOrientationPortrait UIInterfaceOrientationPortraitUpsideDown UIInterfaceOrientationLandscapeLeft UIInterfaceOrientationLandscapeRight";
				INFOPLIST_KEY_UISupportedInterfaceOrientations_iPhone = "UIInterfaceOrientationPortrait UIInterfaceOrientationLandscapeLeft UIInterfaceOrientationLandscapeRight";
				IPHONEOS_DEPLOYMENT_TARGET = 12.0;
				LD_RUNPATH_SEARCH_PATHS = (
					"$(inherited)",
					"@executable_path/Frameworks",
				);
				MARKETING_VERSION = 1.0;
				PRODUCT_BUNDLE_IDENTIFIER = "com.HuyLe.VNPAY-HuyLeDuc-CodeChallenge-iOS";
				PRODUCT_NAME = "$(TARGET_NAME)";
				SWIFT_EMIT_LOC_STRINGS = YES;
				SWIFT_VERSION = 5.0;
				TARGETED_DEVICE_FAMILY = "1,2";
			};
			name = Debug;
		};
		7BA7593B2DFB1D4500EBF01C /* Release */ = {
			isa = XCBuildConfiguration;
			buildSettings = {
				ASSETCATALOG_COMPILER_APPICON_NAME = AppIcon;
				ASSETCATALOG_COMPILER_GLOBAL_ACCENT_COLOR_NAME = AccentColor;
				CODE_SIGN_STYLE = Automatic;
				CURRENT_PROJECT_VERSION = 1;
				DEVELOPMENT_TEAM = AQWZ47MFAV;
				GENERATE_INFOPLIST_FILE = YES;
				INFOPLIST_FILE = VNPAY_HuyLeDuc_CodeChallenge_iOS/Info.plist;
				INFOPLIST_KEY_CFBundleDisplayName = "Photo List";
				INFOPLIST_KEY_UIApplicationSupportsIndirectInputEvents = YES;
				INFOPLIST_KEY_UILaunchStoryboardName = LaunchScreen;
				INFOPLIST_KEY_UIMainStoryboardFile = Main;
				INFOPLIST_KEY_UISupportedInterfaceOrientations_iPad = "UIInterfaceOrientationPortrait UIInterfaceOrientationPortraitUpsideDown UIInterfaceOrientationLandscapeLeft UIInterfaceOrientationLandscapeRight";
				INFOPLIST_KEY_UISupportedInterfaceOrientations_iPhone = "UIInterfaceOrientationPortrait UIInterfaceOrientationLandscapeLeft UIInterfaceOrientationLandscapeRight";
				IPHONEOS_DEPLOYMENT_TARGET = 12.0;
				LD_RUNPATH_SEARCH_PATHS = (
					"$(inherited)",
					"@executable_path/Frameworks",
				);
				MARKETING_VERSION = 1.0;
				PRODUCT_BUNDLE_IDENTIFIER = "com.HuyLe.VNPAY-HuyLeDuc-CodeChallenge-iOS";
				PRODUCT_NAME = "$(TARGET_NAME)";
				SWIFT_EMIT_LOC_STRINGS = YES;
				SWIFT_VERSION = 5.0;
				TARGETED_DEVICE_FAMILY = "1,2";
			};
			name = Release;
		};
		7BA7593C2DFB1D4500EBF01C /* Debug */ = {
			isa = XCBuildConfiguration;
			buildSettings = {
				ALWAYS_SEARCH_USER_PATHS = NO;
				ASSETCATALOG_COMPILER_GENERATE_SWIFT_ASSET_SYMBOL_EXTENSIONS = YES;
				CLANG_ANALYZER_NONNULL = YES;
				CLANG_ANALYZER_NUMBER_OBJECT_CONVERSION = YES_AGGRESSIVE;
				CLANG_CXX_LANGUAGE_STANDARD = "gnu++20";
				CLANG_ENABLE_MODULES = YES;
				CLANG_ENABLE_OBJC_ARC = YES;
				CLANG_ENABLE_OBJC_WEAK = YES;
				CLANG_WARN_BLOCK_CAPTURE_AUTORELEASING = YES;
				CLANG_WARN_BOOL_CONVERSION = YES;
				CLANG_WARN_COMMA = YES;
				CLANG_WARN_CONSTANT_CONVERSION = YES;
				CLANG_WARN_DEPRECATED_OBJC_IMPLEMENTATIONS = YES;
				CLANG_WARN_DIRECT_OBJC_ISA_USAGE = YES_ERROR;
				CLANG_WARN_DOCUMENTATION_COMMENTS = YES;
				CLANG_WARN_EMPTY_BODY = YES;
				CLANG_WARN_ENUM_CONVERSION = YES;
				CLANG_WARN_INFINITE_RECURSION = YES;
				CLANG_WARN_INT_CONVERSION = YES;
				CLANG_WARN_NON_LITERAL_NULL_CONVERSION = YES;
				CLANG_WARN_OBJC_IMPLICIT_RETAIN_SELF = YES;
				CLANG_WARN_OBJC_LITERAL_CONVERSION = YES;
				CLANG_WARN_OBJC_ROOT_CLASS = YES_ERROR;
				CLANG_WARN_QUOTED_INCLUDE_IN_FRAMEWORK_HEADER = YES;
				CLANG_WARN_RANGE_LOOP_ANALYSIS = YES;
				CLANG_WARN_STRICT_PROTOTYPES = YES;
				CLANG_WARN_SUSPICIOUS_MOVE = YES;
				CLANG_WARN_UNGUARDED_AVAILABILITY = YES_AGGRESSIVE;
				CLANG_WARN_UNREACHABLE_CODE = YES;
				CLANG_WARN__DUPLICATE_METHOD_MATCH = YES;
				COPY_PHASE_STRIP = NO;
				DEBUG_INFORMATION_FORMAT = dwarf;
				DEVELOPMENT_TEAM = AQWZ47MFAV;
				ENABLE_STRICT_OBJC_MSGSEND = YES;
				ENABLE_TESTABILITY = YES;
				ENABLE_USER_SCRIPT_SANDBOXING = YES;
				GCC_C_LANGUAGE_STANDARD = gnu17;
				GCC_DYNAMIC_NO_PIC = NO;
				GCC_NO_COMMON_BLOCKS = YES;
				GCC_OPTIMIZATION_LEVEL = 0;
				GCC_PREPROCESSOR_DEFINITIONS = (
					"DEBUG=1",
					"$(inherited)",
				);
				GCC_WARN_64_TO_32_BIT_CONVERSION = YES;
				GCC_WARN_ABOUT_RETURN_TYPE = YES_ERROR;
				GCC_WARN_UNDECLARED_SELECTOR = YES;
				GCC_WARN_UNINITIALIZED_AUTOS = YES_AGGRESSIVE;
				GCC_WARN_UNUSED_FUNCTION = YES;
				GCC_WARN_UNUSED_VARIABLE = YES;
				IPHONEOS_DEPLOYMENT_TARGET = 18.5;
				LOCALIZATION_PREFERS_STRING_CATALOGS = YES;
				MTL_ENABLE_DEBUG_INFO = INCLUDE_SOURCE;
				MTL_FAST_MATH = YES;
				ONLY_ACTIVE_ARCH = YES;
				SDKROOT = iphoneos;
				SWIFT_ACTIVE_COMPILATION_CONDITIONS = "DEBUG $(inherited)";
				SWIFT_OPTIMIZATION_LEVEL = "-Onone";
			};
			name = Debug;
		};
		7BA7593D2DFB1D4500EBF01C /* Release */ = {
			isa = XCBuildConfiguration;
			buildSettings = {
				ALWAYS_SEARCH_USER_PATHS = NO;
				ASSETCATALOG_COMPILER_GENERATE_SWIFT_ASSET_SYMBOL_EXTENSIONS = YES;
				CLANG_ANALYZER_NONNULL = YES;
				CLANG_ANALYZER_NUMBER_OBJECT_CONVERSION = YES_AGGRESSIVE;
				CLANG_CXX_LANGUAGE_STANDARD = "gnu++20";
				CLANG_ENABLE_MODULES = YES;
				CLANG_ENABLE_OBJC_ARC = YES;
				CLANG_ENABLE_OBJC_WEAK = YES;
				CLANG_WARN_BLOCK_CAPTURE_AUTORELEASING = YES;
				CLANG_WARN_BOOL_CONVERSION = YES;
				CLANG_WARN_COMMA = YES;
				CLANG_WARN_CONSTANT_CONVERSION = YES;
				CLANG_WARN_DEPRECATED_OBJC_IMPLEMENTATIONS = YES;
				CLANG_WARN_DIRECT_OBJC_ISA_USAGE = YES_ERROR;
				CLANG_WARN_DOCUMENTATION_COMMENTS = YES;
				CLANG_WARN_EMPTY_BODY = YES;
				CLANG_WARN_ENUM_CONVERSION = YES;
				CLANG_WARN_INFINITE_RECURSION = YES;
				CLANG_WARN_INT_CONVERSION = YES;
				CLANG_WARN_NON_LITERAL_NULL_CONVERSION = YES;
				CLANG_WARN_OBJC_IMPLICIT_RETAIN_SELF = YES;
				CLANG_WARN_OBJC_LITERAL_CONVERSION = YES;
				CLANG_WARN_OBJC_ROOT_CLASS = YES_ERROR;
				CLANG_WARN_QUOTED_INCLUDE_IN_FRAMEWORK_HEADER = YES;
				CLANG_WARN_RANGE_LOOP_ANALYSIS = YES;
				CLANG_WARN_STRICT_PROTOTYPES = YES;
				CLANG_WARN_SUSPICIOUS_MOVE = YES;
				CLANG_WARN_UNGUARDED_AVAILABILITY = YES_AGGRESSIVE;
				CLANG_WARN_UNREACHABLE_CODE = YES;
				CLANG_WARN__DUPLICATE_METHOD_MATCH = YES;
				COPY_PHASE_STRIP = NO;
				DEBUG_INFORMATION_FORMAT = "dwarf-with-dsym";
				DEVELOPMENT_TEAM = AQWZ47MFAV;
				ENABLE_NS_ASSERTIONS = NO;
				ENABLE_STRICT_OBJC_MSGSEND = YES;
				ENABLE_USER_SCRIPT_SANDBOXING = YES;
				GCC_C_LANGUAGE_STANDARD = gnu17;
				GCC_NO_COMMON_BLOCKS = YES;
				GCC_WARN_64_TO_32_BIT_CONVERSION = YES;
				GCC_WARN_ABOUT_RETURN_TYPE = YES_ERROR;
				GCC_WARN_UNDECLARED_SELECTOR = YES;
				GCC_WARN_UNINITIALIZED_AUTOS = YES_AGGRESSIVE;
				GCC_WARN_UNUSED_FUNCTION = YES;
				GCC_WARN_UNUSED_VARIABLE = YES;
				IPHONEOS_DEPLOYMENT_TARGET = 18.5;
				LOCALIZATION_PREFERS_STRING_CATALOGS = YES;
				MTL_ENABLE_DEBUG_INFO = NO;
				MTL_FAST_MATH = YES;
				SDKROOT = iphoneos;
				SWIFT_COMPILATION_MODE = wholemodule;
				VALIDATE_PRODUCT = YES;
			};
			name = Release;
		};
		7BA759752DFBDEB100EBF01C /* Debug */ = {
			isa = XCBuildConfiguration;
			buildSettings = {
				BUNDLE_LOADER = "$(TEST_HOST)";
				CODE_SIGN_STYLE = Automatic;
				CURRENT_PROJECT_VERSION = 1;
				DEVELOPMENT_TEAM = AQWZ47MFAV;
				GENERATE_INFOPLIST_FILE = YES;
				MARKETING_VERSION = 1.0;
				PRODUCT_BUNDLE_IDENTIFIER = "com.HuyLe.VNPAY-HuyLeDuc-CodeChallenge-iOS-Tests";
				PRODUCT_NAME = "$(TARGET_NAME)";
				SWIFT_EMIT_LOC_STRINGS = NO;
				SWIFT_VERSION = 5.0;
				TARGETED_DEVICE_FAMILY = "1,2";
				TEST_HOST = "$(BUILT_PRODUCTS_DIR)/VNPAY_HuyLeDuc_CodeChallenge_iOS.app/$(BUNDLE_EXECUTABLE_FOLDER_PATH)/VNPAY_HuyLeDuc_CodeChallenge_iOS";
			};
			name = Debug;
		};
		7BA759762DFBDEB100EBF01C /* Release */ = {
			isa = XCBuildConfiguration;
			buildSettings = {
				BUNDLE_LOADER = "$(TEST_HOST)";
				CODE_SIGN_STYLE = Automatic;
				CURRENT_PROJECT_VERSION = 1;
				DEVELOPMENT_TEAM = AQWZ47MFAV;
				GENERATE_INFOPLIST_FILE = YES;
				MARKETING_VERSION = 1.0;
				PRODUCT_BUNDLE_IDENTIFIER = "com.HuyLe.VNPAY-HuyLeDuc-CodeChallenge-iOS-Tests";
				PRODUCT_NAME = "$(TARGET_NAME)";
				SWIFT_EMIT_LOC_STRINGS = NO;
				SWIFT_VERSION = 5.0;
				TARGETED_DEVICE_FAMILY = "1,2";
				TEST_HOST = "$(BUILT_PRODUCTS_DIR)/VNPAY_HuyLeDuc_CodeChallenge_iOS.app/$(BUNDLE_EXECUTABLE_FOLDER_PATH)/VNPAY_HuyLeDuc_CodeChallenge_iOS";
			};
			name = Release;
		};
/* End XCBuildConfiguration section */

/* Begin XCConfigurationList section */
		7BA759212DFB1D4200EBF01C /* Build configuration list for PBXProject "VNPAY_HuyLeDuc_CodeChallenge_iOS" */ = {
			isa = XCConfigurationList;
			buildConfigurations = (
				7BA7593C2DFB1D4500EBF01C /* Debug */,
				7BA7593D2DFB1D4500EBF01C /* Release */,
			);
			defaultConfigurationIsVisible = 0;
			defaultConfigurationName = Release;
		};
		7BA759392DFB1D4500EBF01C /* Build configuration list for PBXNativeTarget "VNPAY_HuyLeDuc_CodeChallenge_iOS" */ = {
			isa = XCConfigurationList;
			buildConfigurations = (
				7BA7593A2DFB1D4500EBF01C /* Debug */,
				7BA7593B2DFB1D4500EBF01C /* Release */,
			);
			defaultConfigurationIsVisible = 0;
			defaultConfigurationName = Release;
		};
		7BA759742DFBDEB100EBF01C /* Build configuration list for PBXNativeTarget "VNPAY_HuyLeDuc_CodeChallenge_iOS_Tests" */ = {
			isa = XCConfigurationList;
			buildConfigurations = (
				7BA759752DFBDEB100EBF01C /* Debug */,
				7BA759762DFBDEB100EBF01C /* Release */,
			);
			defaultConfigurationIsVisible = 0;
			defaultConfigurationName = Release;
		};
/* End XCConfigurationList section */
	};
	rootObject = 7BA7591E2DFB1D4200EBF01C /* Project object */;
}
